
Microsoft Visual Studio Solution File, Format Version 12.00
# Visual Studio Version 16
VisualStudioVersion = 16.0.31410.357
MinimumVisualStudioVersion = 10.0.40219.1
Project("{FAE04EC0-301F-11D3-BF4B-00C04F79EFBC}") = "HW8", "HW8.csproj", "{7400DA43-B091-4A1D-9F96-C384E9279165}"
EndProject
Project("{FAE04EC0-301F-11D3-BF4B-00C04F79EFBC}") = "TestHW8", "..\TestHW8\TestHW8.csproj", "{11735DA2-D9ED-461B-840D-9607ECC9C4FC}"
EndProject
Global
	GlobalSection(SolutionConfigurationPlatforms) = preSolution
		Debug|Any CPU = Debug|Any CPU
		Release|Any CPU = Release|Any CPU
	EndGlobalSection
	GlobalSection(ProjectConfigurationPlatforms) = postSolution
		{7400DA43-B091-4A1D-9F96-C384E9279165}.Debug|Any CPU.ActiveCfg = Debug|Any CPU
		{7400DA43-B091-4A1D-9F96-C384E9279165}.Debug|Any CPU.Build.0 = Debug|Any CPU
		{7400DA43-B091-4A1D-9F96-C384E9279165}.Release|Any CPU.ActiveCfg = Release|Any CPU
		{7400DA43-B091-4A1D-9F96-C384E9279165}.Release|Any CPU.Build.0 = Release|Any CPU
		{11735DA2-D9ED-461B-840D-9607ECC9C4FC}.Debug|Any CPU.ActiveCfg = Debug|Any CPU
		{11735DA2-D9ED-461B-840D-9607ECC9C4FC}.Debug|Any CPU.Build.0 = Debug|Any CPU
		{11735DA2-D9ED-461B-840D-9607ECC9C4FC}.Release|Any CPU.ActiveCfg = Release|Any CPU
		{11735DA2-D9ED-461B-840D-9607ECC9C4FC}.Release|Any CPU.Build.0 = Release|Any CPU
	EndGlobalSection
	GlobalSection(SolutionProperties) = preSolution
		HideSolutionNode = FALSE
	EndGlobalSection
	GlobalSection(ExtensibilityGlobals) = postSolution
		SolutionGuid = {E49C39AE-15BB-434F-BEB8-4DB18212855F}
	EndGlobalSection
EndGlobal
