
Microsoft Visual Studio Solution File, Format Version 12.00
# Visual Studio Version 16
VisualStudioVersion = 16.0.31112.23
MinimumVisualStudioVersion = 10.0.40219.1
Project("{9A19103F-16F7-4668-BE54-9A1E7A4F7556}") = "HW3", "HW3.csproj", "{FF719F08-3D41-4AC7-BE7D-3CFE11E73A93}"
EndProject
Project("{FAE04EC0-301F-11D3-BF4B-00C04F79EFBC}") = "HW3TEST", "..\HW3TEST\HW3TEST.csproj", "{7734B1FB-81A5-466F-AB10-D3058775D91B}"
EndProject
Global
	GlobalSection(SolutionConfigurationPlatforms) = preSolution
		Debug|Any CPU = Debug|Any CPU
		Release|Any CPU = Release|Any CPU
	EndGlobalSection
	GlobalSection(ProjectConfigurationPlatforms) = postSolution
		{FF719F08-3D41-4AC7-BE7D-3CFE11E73A93}.Debug|Any CPU.ActiveCfg = Debug|Any CPU
		{FF719F08-3D41-4AC7-BE7D-3CFE11E73A93}.Debug|Any CPU.Build.0 = Debug|Any CPU
		{FF719F08-3D41-4AC7-BE7D-3CFE11E73A93}.Release|Any CPU.ActiveCfg = Release|Any CPU
		{FF719F08-3D41-4AC7-BE7D-3CFE11E73A93}.Release|Any CPU.Build.0 = Release|Any CPU
		{7734B1FB-81A5-466F-AB10-D3058775D91B}.Debug|Any CPU.ActiveCfg = Debug|Any CPU
		{7734B1FB-81A5-466F-AB10-D3058775D91B}.Debug|Any CPU.Build.0 = Debug|Any CPU
		{7734B1FB-81A5-466F-AB10-D3058775D91B}.Release|Any CPU.ActiveCfg = Release|Any CPU
		{7734B1FB-81A5-466F-AB10-D3058775D91B}.Release|Any CPU.Build.0 = Release|Any CPU
	EndGlobalSection
	GlobalSection(SolutionProperties) = preSolution
		HideSolutionNode = FALSE
	EndGlobalSection
	GlobalSection(ExtensibilityGlobals) = postSolution
		SolutionGuid = {8357BD2B-6E07-433C-A74B-2638A4872D58}
	EndGlobalSection
EndGlobal
